
Microsoft Visual Studio Solution File, Format Version 12.00
# Visual Studio 15
VisualStudioVersion = 15.0.28010.2026
MinimumVisualStudioVersion = 10.0.40219.1
Project("{FAE04EC0-301F-11D3-BF4B-00C04F79EFBC}") = "Cross", "Cross\Cross.csproj", "{A711BBF1-6BB5-4C09-87D2-A06592AE40DA}"
EndProject
Global
	GlobalSection(SolutionConfigurationPlatforms) = preSolution
		Debug|Any CPU = Debug|Any CPU
		Release|Any CPU = Release|Any CPU
	EndGlobalSection
	GlobalSection(ProjectConfigurationPlatforms) = postSolution
		{A711BBF1-6BB5-4C09-87D2-A06592AE40DA}.Debug|Any CPU.ActiveCfg = Debug|Any CPU
		{A711BBF1-6BB5-4C09-87D2-A06592AE40DA}.Debug|Any CPU.Build.0 = Debug|Any CPU
		{A711BBF1-6BB5-4C09-87D2-A06592AE40DA}.Release|Any CPU.ActiveCfg = Release|Any CPU
		{A711BBF1-6BB5-4C09-87D2-A06592AE40DA}.Release|Any CPU.Build.0 = Release|Any CPU
	EndGlobalSection
	GlobalSection(SolutionProperties) = preSolution
		HideSolutionNode = FALSE
	EndGlobalSection
	GlobalSection(ExtensibilityGlobals) = postSolution
		SolutionGuid = {ABA58087-6573-41FA-82E7-CE195AB54D57}
	EndGlobalSection
EndGlobal
